{
  "version": 4,
  "terraform_version": "1.0.2",
  "serial": 195,
  "lineage": "57969515-5ddf-2306-5a0c-3ec009e8df2f",
  "outputs": {},
  "resources": [
    {
      "module": "module.genpact-poc-bastion_host",
      "mode": "managed",
      "type": "aws_instance",
      "name": "Bastion_host",
      "provider": "provider[\"registry.terraform.io/hashicorp/aws\"]",
      "instances": [
        {
          "index_key": 0,
          "schema_version": 1,
          "attributes": {
            "ami": "ami-087c17d1fe0178315",
            "arn": "arn:aws:ec2:us-east-1:484010831236:instance/i-05751d5645b55764a",
            "associate_public_ip_address": false,
            "availability_zone": "us-east-1a",
            "capacity_reservation_specification": [
              {
                "capacity_reservation_preference": "open",
                "capacity_reservation_target": []
              }
            ],
            "cpu_core_count": 1,
            "cpu_threads_per_core": 1,
            "credit_specification": [
              {
                "cpu_credits": "standard"
              }
            ],
            "disable_api_termination": false,
            "ebs_block_device": [],
            "ebs_optimized": false,
            "enclave_options": [
              {
                "enabled": false
              }
            ],
            "ephemeral_block_device": [],
            "get_password_data": false,
            "hibernation": false,
            "host_id": null,
            "iam_instance_profile": "",
            "id": "i-05751d5645b55764a",
            "instance_initiated_shutdown_behavior": "stop",
            "instance_state": "running",
            "instance_type": "t2.micro",
            "ipv6_address_count": 0,
            "ipv6_addresses": [],
            "key_name": "Usnv-anshul",
            "launch_template": [],
            "metadata_options": [
              {
                "http_endpoint": "enabled",
                "http_put_response_hop_limit": 1,
                "http_tokens": "optional"
              }
            ],
            "monitoring": false,
            "network_interface": [],
            "outpost_arn": "",
            "password_data": "",
            "placement_group": "",
            "primary_network_interface_id": "eni-066effc56b7a783c0",
            "private_dns": "ip-192-168-0-7.ec2.internal",
            "private_ip": "192.168.0.7",
            "public_dns": "",
            "public_ip": "",
            "root_block_device": [
              {
                "delete_on_termination": true,
                "device_name": "/dev/xvda",
                "encrypted": false,
                "iops": 100,
                "kms_key_id": "",
                "tags": {},
                "throughput": 0,
                "volume_id": "vol-0a138436e9de8de42",
                "volume_size": 8,
                "volume_type": "gp2"
              }
            ],
            "secondary_private_ips": [],
            "security_groups": [],
            "source_dest_check": true,
            "subnet_id": "subnet-0f08837cdc083089a",
            "tags": {
              "Name": "PoC-BastionHost"
            },
            "tags_all": {
              "Name": "PoC-BastionHost"
            },
            "tenancy": "default",
            "timeouts": null,
            "user_data": "b6d5e504cadef5db9f369189a85c8158a4c3ad6a",
            "user_data_base64": null,
            "volume_tags": null,
            "vpc_security_group_ids": [
              "sg-0355aa64cf4076223"
            ]
          },
          "sensitive_attributes": [],
          "private": "eyJlMmJmYjczMC1lY2FhLTExZTYtOGY4OC0zNDM2M2JjN2M0YzAiOnsiY3JlYXRlIjo2MDAwMDAwMDAwMDAsImRlbGV0ZSI6MTIwMDAwMDAwMDAwMCwidXBkYXRlIjo2MDAwMDAwMDAwMDB9LCJzY2hlbWFfdmVyc2lvbiI6IjEifQ==",
          "dependencies": [
            "module.genpact-poc-sg.aws_default_security_group.PoC-Internal-SG",
            "module.genpact-poc-vpc.aws_subnet.public_Subnet",
            "module.genpact-poc-vpc.aws_vpc.myvpc",
            "module.genpact-poc-sg.aws_default_security_group.PoC-Bastion_Host_SG"
          ]
        }
      ]
    },
    {
      "module": "module.genpact-poc-database",
      "mode": "managed",
      "type": "aws_db_instance",
      "name": "Poc_RDS_Postgres",
      "provider": "provider[\"registry.terraform.io/hashicorp/aws\"]",
      "instances": [
        {
          "schema_version": 1,
          "attributes": {
            "address": "terraform-20210906051505055200000001.ck5kvwfw1klp.us-east-1.rds.amazonaws.com",
            "allocated_storage": 10,
            "allow_major_version_upgrade": null,
            "apply_immediately": null,
            "arn": "arn:aws:rds:us-east-1:484010831236:db:terraform-20210906051505055200000001",
            "auto_minor_version_upgrade": true,
            "availability_zone": "us-east-1b",
            "backup_retention_period": 0,
            "backup_window": "07:11-07:41",
            "ca_cert_identifier": "rds-ca-2019",
            "character_set_name": "",
            "copy_tags_to_snapshot": false,
            "customer_owned_ip_enabled": false,
            "db_subnet_group_name": "pocrdssubnetgroup",
            "delete_automated_backups": true,
            "deletion_protection": false,
            "domain": "",
            "domain_iam_role_name": "",
            "enabled_cloudwatch_logs_exports": [],
            "endpoint": "terraform-20210906051505055200000001.ck5kvwfw1klp.us-east-1.rds.amazonaws.com:5432",
            "engine": "postgres",
            "engine_version": "13.3",
            "engine_version_actual": "13.3",
            "final_snapshot_identifier": null,
            "hosted_zone_id": "Z2R2ITUGPM61AM",
            "iam_database_authentication_enabled": false,
            "id": "terraform-20210906051505055200000001",
            "identifier": "terraform-20210906051505055200000001",
            "identifier_prefix": null,
            "instance_class": "db.t3.micro",
            "iops": 0,
            "kms_key_id": "",
            "latest_restorable_time": "0001-01-01T00:00:00Z",
            "license_model": "postgresql-license",
            "maintenance_window": "sun:09:16-sun:09:46",
            "max_allocated_storage": 0,
            "monitoring_interval": 0,
            "monitoring_role_arn": "",
            "multi_az": false,
            "name": "",
            "nchar_character_set_name": "",
            "option_group_name": "default:postgres-13",
            "parameter_group_name": "default.postgres13",
            "password": "vijay123",
            "performance_insights_enabled": false,
            "performance_insights_kms_key_id": "",
            "performance_insights_retention_period": 0,
            "port": 5432,
            "publicly_accessible": false,
            "replicas": [],
            "replicate_source_db": "",
            "resource_id": "db-4FJ4FVBRV3PRVOBNQXHQRUJRJA",
            "restore_to_point_in_time": [],
            "s3_import": [],
            "security_group_names": [],
            "skip_final_snapshot": true,
            "snapshot_identifier": null,
            "status": "available",
            "storage_encrypted": false,
            "storage_type": "gp2",
            "tags": {},
            "tags_all": {},
            "timeouts": null,
            "timezone": "",
            "username": "vijay",
            "vpc_security_group_ids": [
              "sg-0355aa64cf4076223"
            ]
          },
          "sensitive_attributes": [],
          "private": "eyJlMmJmYjczMC1lY2FhLTExZTYtOGY4OC0zNDM2M2JjN2M0YzAiOnsiY3JlYXRlIjoyNDAwMDAwMDAwMDAwLCJkZWxldGUiOjM2MDAwMDAwMDAwMDAsInVwZGF0ZSI6NDgwMDAwMDAwMDAwMH0sInNjaGVtYV92ZXJzaW9uIjoiMSJ9",
          "dependencies": [
            "module.genpact-poc-vpc.aws_subnet.private_Subnet",
            "module.genpact-poc-vpc.aws_subnet.private_Subnet1",
            "module.genpact-poc-vpc.aws_vpc.myvpc",
            "module.genpact-poc-database.aws_db_subnet_group.PoCSubnetGroup"
          ]
        }
      ]
    },
    {
      "module": "module.genpact-poc-database",
      "mode": "managed",
      "type": "aws_db_subnet_group",
      "name": "PoCSubnetGroup",
      "provider": "provider[\"registry.terraform.io/hashicorp/aws\"]",
      "instances": [
        {
          "schema_version": 0,
          "attributes": {
            "arn": "arn:aws:rds:us-east-1:484010831236:subgrp:pocrdssubnetgroup",
            "description": "Managed by Terraform",
            "id": "pocrdssubnetgroup",
            "name": "pocrdssubnetgroup",
            "name_prefix": null,
            "subnet_ids": [
              "subnet-0732da15900176dd1",
              "subnet-091e5b7ac20ae33e8"
            ],
            "tags": {
              "Name": "My DB subnet group"
            },
            "tags_all": {
              "Name": "My DB subnet group"
            }
          },
          "sensitive_attributes": [],
          "private": "bnVsbA==",
          "dependencies": [
            "module.genpact-poc-vpc.aws_subnet.private_Subnet",
            "module.genpact-poc-vpc.aws_subnet.private_Subnet1",
            "module.genpact-poc-vpc.aws_vpc.myvpc"
          ]
        }
      ]
    },
    {
      "module": "module.genpact-poc-ec2-App-Server",
      "mode": "managed",
      "type": "aws_instance",
      "name": "Bastion_host",
      "provider": "provider[\"registry.terraform.io/hashicorp/aws\"]",
      "instances": [
        {
          "index_key": 0,
          "schema_version": 1,
          "attributes": {
            "ami": "ami-087c17d1fe0178315",
            "arn": "arn:aws:ec2:us-east-1:484010831236:instance/i-0a41191217fc8a916",
            "associate_public_ip_address": false,
            "availability_zone": "us-east-1a",
            "capacity_reservation_specification": [
              {
                "capacity_reservation_preference": "open",
                "capacity_reservation_target": []
              }
            ],
            "cpu_core_count": 1,
            "cpu_threads_per_core": 1,
            "credit_specification": [
              {
                "cpu_credits": "standard"
              }
            ],
            "disable_api_termination": false,
            "ebs_block_device": [],
            "ebs_optimized": false,
            "enclave_options": [
              {
                "enabled": false
              }
            ],
            "ephemeral_block_device": [],
            "get_password_data": false,
            "hibernation": false,
            "host_id": null,
            "iam_instance_profile": "",
            "id": "i-0a41191217fc8a916",
            "instance_initiated_shutdown_behavior": "stop",
            "instance_state": "running",
            "instance_type": "t2.micro",
            "ipv6_address_count": 0,
            "ipv6_addresses": [],
            "key_name": "Usnv-anshul",
            "launch_template": [],
            "metadata_options": [
              {
                "http_endpoint": "enabled",
                "http_put_response_hop_limit": 1,
                "http_tokens": "optional"
              }
            ],
            "monitoring": false,
            "network_interface": [],
            "outpost_arn": "",
            "password_data": "",
            "placement_group": "",
            "primary_network_interface_id": "eni-0c9ae22f62ee9338b",
            "private_dns": "ip-192-168-0-20.ec2.internal",
            "private_ip": "192.168.0.20",
            "public_dns": "",
            "public_ip": "",
            "root_block_device": [
              {
                "delete_on_termination": true,
                "device_name": "/dev/xvda",
                "encrypted": false,
                "iops": 100,
                "kms_key_id": "",
                "tags": {},
                "throughput": 0,
                "volume_id": "vol-0f6659bdc215e97c7",
                "volume_size": 8,
                "volume_type": "gp2"
              }
            ],
            "secondary_private_ips": [],
            "security_groups": [],
            "source_dest_check": true,
            "subnet_id": "subnet-0732da15900176dd1",
            "tags": {
              "Name": "PoC-AppServer"
            },
            "tags_all": {
              "Name": "PoC-AppServer"
            },
            "tenancy": "default",
            "timeouts": null,
            "user_data": "b6d5e504cadef5db9f369189a85c8158a4c3ad6a",
            "user_data_base64": null,
            "volume_tags": null,
            "vpc_security_group_ids": [
              "sg-0355aa64cf4076223"
            ]
          },
          "sensitive_attributes": [],
          "private": "eyJlMmJmYjczMC1lY2FhLTExZTYtOGY4OC0zNDM2M2JjN2M0YzAiOnsiY3JlYXRlIjo2MDAwMDAwMDAwMDAsImRlbGV0ZSI6MTIwMDAwMDAwMDAwMCwidXBkYXRlIjo2MDAwMDAwMDAwMDB9LCJzY2hlbWFfdmVyc2lvbiI6IjEifQ==",
          "dependencies": [
            "module.genpact-poc-vpc.aws_subnet.private_Subnet",
            "module.genpact-poc-vpc.aws_vpc.myvpc",
            "module.genpact-poc-sg.aws_default_security_group.PoC-Internal-SG"
          ]
        }
      ]
    },
    {
      "module": "module.genpact-poc-ec2-WebSerer",
      "mode": "managed",
      "type": "aws_instance",
      "name": "Bastion_host",
      "provider": "provider[\"registry.terraform.io/hashicorp/aws\"]",
      "instances": []
    },
    {
      "module": "module.genpact-poc-sg",
      "mode": "managed",
      "type": "aws_default_security_group",
      "name": "PoC-Internal-SG",
      "provider": "provider[\"registry.terraform.io/hashicorp/aws\"]",
      "instances": [
        {
          "schema_version": 1,
          "attributes": {
            "arn": "arn:aws:ec2:us-east-1:484010831236:security-group/sg-0355aa64cf4076223",
            "description": "default VPC security group",
            "egress": [
              {
                "cidr_blocks": [
                  "0.0.0.0/0"
                ],
                "description": "",
                "from_port": 0,
                "ipv6_cidr_blocks": [],
                "prefix_list_ids": [],
                "protocol": "-1",
                "security_groups": [],
                "self": false,
                "to_port": 0
              }
            ],
            "id": "sg-0355aa64cf4076223",
            "ingress": [
              {
                "cidr_blocks": [],
                "description": "SG for InterCommunication",
                "from_port": 0,
                "ipv6_cidr_blocks": [],
                "prefix_list_ids": [],
                "protocol": "tcp",
                "security_groups": [],
                "self": true,
                "to_port": 0
              }
            ],
            "name": "default",
            "owner_id": "484010831236",
            "revoke_rules_on_delete": false,
            "tags": {},
            "tags_all": {},
            "vpc_id": "vpc-0c7ff78d676496247"
          },
          "sensitive_attributes": [],
          "private": "eyJzY2hlbWFfdmVyc2lvbiI6IjEifQ==",
          "dependencies": [
            "module.genpact-poc-vpc.aws_vpc.myvpc"
          ]
        }
      ]
    },
    {
      "module": "module.genpact-poc-sg",
      "mode": "managed",
      "type": "aws_default_security_group",
      "name": "PoC-Web_Server_SG",
      "provider": "provider[\"registry.terraform.io/hashicorp/aws\"]",
      "instances": [
        {
          "status": "tainted",
          "schema_version": 1,
          "attributes": {
            "arn": null,
            "description": null,
            "egress": [],
            "id": "sg-0355aa64cf4076223",
            "ingress": [
              {
                "cidr_blocks": [
                  "0.0.0.0/0"
                ],
                "description": "Rule for WebSerer",
                "from_port": 80,
                "ipv6_cidr_blocks": [],
                "prefix_list_ids": [],
                "protocol": "tcp",
                "security_groups": [],
                "self": false,
                "to_port": 80
              }
            ],
            "name": null,
            "owner_id": null,
            "revoke_rules_on_delete": false,
            "tags": null,
            "tags_all": null,
            "vpc_id": "vpc-0c7ff78d676496247"
          },
          "sensitive_attributes": [],
          "private": "eyJzY2hlbWFfdmVyc2lvbiI6IjEifQ==",
          "dependencies": [
            "module.genpact-poc-vpc.aws_vpc.myvpc"
          ]
        }
      ]
    },
    {
      "module": "module.genpact-poc-vpc",
      "mode": "managed",
      "type": "aws_internet_gateway",
      "name": "myigw",
      "provider": "provider[\"registry.terraform.io/hashicorp/aws\"]",
      "instances": [
        {
          "schema_version": 0,
          "attributes": {
            "arn": "arn:aws:ec2:us-east-1:484010831236:internet-gateway/igw-00aa91b211a6a670c",
            "id": "igw-00aa91b211a6a670c",
            "owner_id": "484010831236",
            "tags": {
              "Name": "myigw"
            },
            "tags_all": {
              "Name": "myigw"
            },
            "vpc_id": "vpc-0c7ff78d676496247"
          },
          "sensitive_attributes": [],
          "private": "bnVsbA==",
          "dependencies": [
            "module.genpact-poc-vpc.aws_vpc.myvpc"
          ]
        }
      ]
    },
    {
      "module": "module.genpact-poc-vpc",
      "mode": "managed",
      "type": "aws_nat_gateway",
      "name": "mynet",
      "provider": "provider[\"registry.terraform.io/hashicorp/aws\"]",
      "instances": [
        {
          "schema_version": 0,
          "attributes": {
            "allocation_id": "",
            "connectivity_type": "private",
            "id": "nat-0085b7450f736a662",
            "network_interface_id": "eni-0ad30bb1ccca2646b",
            "private_ip": "192.168.0.8",
            "public_ip": "",
            "subnet_id": "subnet-0f08837cdc083089a",
            "tags": {
              "Name": "mynet"
            },
            "tags_all": {
              "Name": "mynet"
            }
          },
          "sensitive_attributes": [],
          "private": "bnVsbA==",
          "dependencies": [
            "module.genpact-poc-vpc.aws_subnet.public_Subnet",
            "module.genpact-poc-vpc.aws_vpc.myvpc"
          ]
        }
      ]
    },
    {
      "module": "module.genpact-poc-vpc",
      "mode": "managed",
      "type": "aws_route_table",
      "name": "Privaterouter",
      "provider": "provider[\"registry.terraform.io/hashicorp/aws\"]",
      "instances": [
        {
          "schema_version": 0,
          "attributes": {
            "arn": "arn:aws:ec2:us-east-1:484010831236:route-table/rtb-0be70fc14864a3995",
            "id": "rtb-0be70fc14864a3995",
            "owner_id": "484010831236",
            "propagating_vgws": [],
            "route": [
              {
                "carrier_gateway_id": "",
                "cidr_block": "0.0.0.0/0",
                "destination_prefix_list_id": "",
                "egress_only_gateway_id": "",
                "gateway_id": "nat-0085b7450f736a662",
                "instance_id": "",
                "ipv6_cidr_block": "",
                "local_gateway_id": "",
                "nat_gateway_id": "",
                "network_interface_id": "",
                "transit_gateway_id": "",
                "vpc_endpoint_id": "",
                "vpc_peering_connection_id": ""
              }
            ],
            "tags": {
              "Name": "Privaterouter"
            },
            "tags_all": {
              "Name": "Privaterouter"
            },
            "vpc_id": "vpc-0c7ff78d676496247"
          },
          "sensitive_attributes": [],
          "private": "bnVsbA==",
          "dependencies": [
            "module.genpact-poc-vpc.aws_nat_gateway.mynet",
            "module.genpact-poc-vpc.aws_vpc.myvpc"
          ]
        }
      ]
    },
    {
      "module": "module.genpact-poc-vpc",
      "mode": "managed",
      "type": "aws_route_table",
      "name": "Publicrouter",
      "provider": "provider[\"registry.terraform.io/hashicorp/aws\"]",
      "instances": [
        {
          "schema_version": 0,
          "attributes": {
            "arn": "arn:aws:ec2:us-east-1:484010831236:route-table/rtb-0a4c695e96916cb76",
            "id": "rtb-0a4c695e96916cb76",
            "owner_id": "484010831236",
            "propagating_vgws": [],
            "route": [
              {
                "carrier_gateway_id": "",
                "cidr_block": "0.0.0.0/0",
                "destination_prefix_list_id": "",
                "egress_only_gateway_id": "",
                "gateway_id": "igw-00aa91b211a6a670c",
                "instance_id": "",
                "ipv6_cidr_block": "",
                "local_gateway_id": "",
                "nat_gateway_id": "",
                "network_interface_id": "",
                "transit_gateway_id": "",
                "vpc_endpoint_id": "",
                "vpc_peering_connection_id": ""
              }
            ],
            "tags": {
              "Name": "Public_Router_Table"
            },
            "tags_all": {
              "Name": "Public_Router_Table"
            },
            "vpc_id": "vpc-0c7ff78d676496247"
          },
          "sensitive_attributes": [],
          "private": "bnVsbA==",
          "dependencies": [
            "module.genpact-poc-vpc.aws_internet_gateway.myigw",
            "module.genpact-poc-vpc.aws_vpc.myvpc"
          ]
        }
      ]
    },
    {
      "module": "module.genpact-poc-vpc",
      "mode": "managed",
      "type": "aws_route_table_association",
      "name": "route1",
      "provider": "provider[\"registry.terraform.io/hashicorp/aws\"]",
      "instances": [
        {
          "schema_version": 0,
          "attributes": {
            "gateway_id": "",
            "id": "rtbassoc-0ed3c09493cfa3480",
            "route_table_id": "rtb-0a4c695e96916cb76",
            "subnet_id": "subnet-0f08837cdc083089a"
          },
          "sensitive_attributes": [],
          "private": "bnVsbA==",
          "dependencies": [
            "module.genpact-poc-vpc.aws_internet_gateway.myigw",
            "module.genpact-poc-vpc.aws_route_table.Publicrouter",
            "module.genpact-poc-vpc.aws_subnet.public_Subnet",
            "module.genpact-poc-vpc.aws_vpc.myvpc"
          ]
        }
      ]
    },
    {
      "module": "module.genpact-poc-vpc",
      "mode": "managed",
      "type": "aws_route_table_association",
      "name": "route2",
      "provider": "provider[\"registry.terraform.io/hashicorp/aws\"]",
      "instances": [
        {
          "schema_version": 0,
          "attributes": {
            "gateway_id": "",
            "id": "rtbassoc-0e8472042fe8d2705",
            "route_table_id": "rtb-0be70fc14864a3995",
            "subnet_id": "subnet-0732da15900176dd1"
          },
          "sensitive_attributes": [],
          "private": "bnVsbA==",
          "dependencies": [
            "module.genpact-poc-vpc.aws_nat_gateway.mynet",
            "module.genpact-poc-vpc.aws_route_table.Privaterouter",
            "module.genpact-poc-vpc.aws_subnet.private_Subnet",
            "module.genpact-poc-vpc.aws_subnet.public_Subnet",
            "module.genpact-poc-vpc.aws_vpc.myvpc"
          ]
        }
      ]
    },
    {
      "module": "module.genpact-poc-vpc",
      "mode": "managed",
      "type": "aws_subnet",
      "name": "private_Subnet",
      "provider": "provider[\"registry.terraform.io/hashicorp/aws\"]",
      "instances": [
        {
          "schema_version": 1,
          "attributes": {
            "arn": "arn:aws:ec2:us-east-1:484010831236:subnet/subnet-0732da15900176dd1",
            "assign_ipv6_address_on_creation": false,
            "availability_zone": "us-east-1a",
            "availability_zone_id": "use1-az2",
            "cidr_block": "192.168.0.16/28",
            "customer_owned_ipv4_pool": "",
            "id": "subnet-0732da15900176dd1",
            "ipv6_cidr_block": "",
            "ipv6_cidr_block_association_id": "",
            "map_customer_owned_ip_on_launch": false,
            "map_public_ip_on_launch": false,
            "outpost_arn": "",
            "owner_id": "484010831236",
            "tags": {
              "Name": "privateSubnet"
            },
            "tags_all": {
              "Name": "privateSubnet"
            },
            "timeouts": null,
            "vpc_id": "vpc-0c7ff78d676496247"
          },
          "sensitive_attributes": [],
          "private": "eyJlMmJmYjczMC1lY2FhLTExZTYtOGY4OC0zNDM2M2JjN2M0YzAiOnsiY3JlYXRlIjo2MDAwMDAwMDAwMDAsImRlbGV0ZSI6MTIwMDAwMDAwMDAwMH0sInNjaGVtYV92ZXJzaW9uIjoiMSJ9",
          "dependencies": [
            "module.genpact-poc-vpc.aws_vpc.myvpc"
          ]
        }
      ]
    },
    {
      "module": "module.genpact-poc-vpc",
      "mode": "managed",
      "type": "aws_subnet",
      "name": "private_Subnet1",
      "provider": "provider[\"registry.terraform.io/hashicorp/aws\"]",
      "instances": [
        {
          "schema_version": 1,
          "attributes": {
            "arn": "arn:aws:ec2:us-east-1:484010831236:subnet/subnet-091e5b7ac20ae33e8",
            "assign_ipv6_address_on_creation": false,
            "availability_zone": "us-east-1b",
            "availability_zone_id": "use1-az4",
            "cidr_block": "192.168.0.48/28",
            "customer_owned_ipv4_pool": "",
            "id": "subnet-091e5b7ac20ae33e8",
            "ipv6_cidr_block": "",
            "ipv6_cidr_block_association_id": "",
            "map_customer_owned_ip_on_launch": false,
            "map_public_ip_on_launch": false,
            "outpost_arn": "",
            "owner_id": "484010831236",
            "tags": {
              "Name": "privateSubnet"
            },
            "tags_all": {
              "Name": "privateSubnet"
            },
            "timeouts": null,
            "vpc_id": "vpc-0c7ff78d676496247"
          },
          "sensitive_attributes": [],
          "private": "eyJlMmJmYjczMC1lY2FhLTExZTYtOGY4OC0zNDM2M2JjN2M0YzAiOnsiY3JlYXRlIjo2MDAwMDAwMDAwMDAsImRlbGV0ZSI6MTIwMDAwMDAwMDAwMH0sInNjaGVtYV92ZXJzaW9uIjoiMSJ9",
          "dependencies": [
            "module.genpact-poc-vpc.aws_vpc.myvpc"
          ]
        }
      ]
    },
    {
      "module": "module.genpact-poc-vpc",
      "mode": "managed",
      "type": "aws_subnet",
      "name": "public_Subnet",
      "provider": "provider[\"registry.terraform.io/hashicorp/aws\"]",
      "instances": [
        {
          "schema_version": 1,
          "attributes": {
            "arn": "arn:aws:ec2:us-east-1:484010831236:subnet/subnet-0f08837cdc083089a",
            "assign_ipv6_address_on_creation": false,
            "availability_zone": "us-east-1a",
            "availability_zone_id": "use1-az2",
            "cidr_block": "192.168.0.0/28",
            "customer_owned_ipv4_pool": "",
            "id": "subnet-0f08837cdc083089a",
            "ipv6_cidr_block": "",
            "ipv6_cidr_block_association_id": "",
            "map_customer_owned_ip_on_launch": false,
            "map_public_ip_on_launch": false,
            "outpost_arn": "",
            "owner_id": "484010831236",
            "tags": {
              "Name": "publicSubnet"
            },
            "tags_all": {
              "Name": "publicSubnet"
            },
            "timeouts": null,
            "vpc_id": "vpc-0c7ff78d676496247"
          },
          "sensitive_attributes": [],
          "private": "eyJlMmJmYjczMC1lY2FhLTExZTYtOGY4OC0zNDM2M2JjN2M0YzAiOnsiY3JlYXRlIjo2MDAwMDAwMDAwMDAsImRlbGV0ZSI6MTIwMDAwMDAwMDAwMH0sInNjaGVtYV92ZXJzaW9uIjoiMSJ9",
          "dependencies": [
            "module.genpact-poc-vpc.aws_vpc.myvpc"
          ]
        }
      ]
    },
    {
      "module": "module.genpact-poc-vpc",
      "mode": "managed",
      "type": "aws_subnet",
      "name": "public_Subnet1",
      "provider": "provider[\"registry.terraform.io/hashicorp/aws\"]",
      "instances": [
        {
          "schema_version": 1,
          "attributes": {
            "arn": "arn:aws:ec2:us-east-1:484010831236:subnet/subnet-04c0b1fb003143f5b",
            "assign_ipv6_address_on_creation": false,
            "availability_zone": "us-east-1b",
            "availability_zone_id": "use1-az4",
            "cidr_block": "192.168.0.32/28",
            "customer_owned_ipv4_pool": "",
            "id": "subnet-04c0b1fb003143f5b",
            "ipv6_cidr_block": "",
            "ipv6_cidr_block_association_id": "",
            "map_customer_owned_ip_on_launch": false,
            "map_public_ip_on_launch": false,
            "outpost_arn": "",
            "owner_id": "484010831236",
            "tags": {
              "Name": "publicSubnet"
            },
            "tags_all": {
              "Name": "publicSubnet"
            },
            "timeouts": null,
            "vpc_id": "vpc-0c7ff78d676496247"
          },
          "sensitive_attributes": [],
          "private": "eyJlMmJmYjczMC1lY2FhLTExZTYtOGY4OC0zNDM2M2JjN2M0YzAiOnsiY3JlYXRlIjo2MDAwMDAwMDAwMDAsImRlbGV0ZSI6MTIwMDAwMDAwMDAwMH0sInNjaGVtYV92ZXJzaW9uIjoiMSJ9",
          "dependencies": [
            "module.genpact-poc-vpc.aws_vpc.myvpc"
          ]
        }
      ]
    },
    {
      "module": "module.genpact-poc-vpc",
      "mode": "managed",
      "type": "aws_vpc",
      "name": "myvpc",
      "provider": "provider[\"registry.terraform.io/hashicorp/aws\"]",
      "instances": [
        {
          "schema_version": 1,
          "attributes": {
            "arn": "arn:aws:ec2:us-east-1:484010831236:vpc/vpc-0c7ff78d676496247",
            "assign_generated_ipv6_cidr_block": false,
            "cidr_block": "192.168.0.0/26",
            "default_network_acl_id": "acl-0a1b9b32933211808",
            "default_route_table_id": "rtb-0af1851c41a513ad0",
            "default_security_group_id": "sg-0355aa64cf4076223",
            "dhcp_options_id": "dopt-58d0ff22",
            "enable_classiclink": false,
            "enable_classiclink_dns_support": false,
            "enable_dns_hostnames": false,
            "enable_dns_support": true,
            "id": "vpc-0c7ff78d676496247",
            "instance_tenancy": "default",
            "ipv6_association_id": "",
            "ipv6_cidr_block": "",
            "main_route_table_id": "rtb-0af1851c41a513ad0",
            "owner_id": "484010831236",
            "tags": {
              "Name": "mypocvpc"
            },
            "tags_all": {
              "Name": "mypocvpc"
            }
          },
          "sensitive_attributes": [],
          "private": "eyJzY2hlbWFfdmVyc2lvbiI6IjEifQ=="
        }
      ]
    }
  ]
}
