{
  "version": 4,
  "terraform_version": "1.0.2",
  "serial": 365,
  "lineage": "57969515-5ddf-2306-5a0c-3ec009e8df2f",
  "outputs": {},
  "resources": [
    {
      "module": "module.genpact-poc-bastion_host",
      "mode": "managed",
      "type": "aws_instance",
      "name": "Bastion_host",
      "provider": "provider[\"registry.terraform.io/hashicorp/aws\"]",
      "instances": [
        {
          "schema_version": 1,
          "attributes": {
            "ami": "ami-087c17d1fe0178315",
            "arn": "arn:aws:ec2:us-east-1:484010831236:instance/i-02b1fc98fbcc36958",
            "associate_public_ip_address": true,
            "availability_zone": "us-east-1a",
            "capacity_reservation_specification": [
              {
                "capacity_reservation_preference": "open",
                "capacity_reservation_target": []
              }
            ],
            "cpu_core_count": 1,
            "cpu_threads_per_core": 1,
            "credit_specification": [
              {
                "cpu_credits": "standard"
              }
            ],
            "disable_api_termination": false,
            "ebs_block_device": [],
            "ebs_optimized": false,
            "enclave_options": [
              {
                "enabled": false
              }
            ],
            "ephemeral_block_device": [],
            "get_password_data": false,
            "hibernation": false,
            "host_id": null,
            "iam_instance_profile": "",
            "id": "i-02b1fc98fbcc36958",
            "instance_initiated_shutdown_behavior": "stop",
            "instance_state": "running",
            "instance_type": "t2.micro",
            "ipv6_address_count": 0,
            "ipv6_addresses": [],
            "key_name": "Usnv-anshul",
            "launch_template": [],
            "metadata_options": [
              {
                "http_endpoint": "enabled",
                "http_put_response_hop_limit": 1,
                "http_tokens": "optional"
              }
            ],
            "monitoring": false,
            "network_interface": [],
            "outpost_arn": "",
            "password_data": "",
            "placement_group": "",
            "primary_network_interface_id": "eni-04e5a03d25ba0e814",
            "private_dns": "ip-192-168-0-5.ec2.internal",
            "private_ip": "192.168.0.5",
            "public_dns": "",
            "public_ip": "54.86.214.139",
            "root_block_device": [
              {
                "delete_on_termination": true,
                "device_name": "/dev/xvda",
                "encrypted": false,
                "iops": 100,
                "kms_key_id": "",
                "tags": {},
                "throughput": 0,
                "volume_id": "vol-0f311e209e1d46453",
                "volume_size": 8,
                "volume_type": "gp2"
              }
            ],
            "secondary_private_ips": [],
            "security_groups": [],
            "source_dest_check": true,
            "subnet_id": "subnet-0e264a8617c2f0eb1",
            "tags": {
              "Name": "PoC-BastionHost"
            },
            "tags_all": {
              "Name": "PoC-BastionHost"
            },
            "tenancy": "default",
            "timeouts": null,
            "user_data": "05b9a8d4860cfba029dc6b07c6dc21e907915a7a",
            "user_data_base64": null,
            "volume_tags": null,
            "vpc_security_group_ids": [
              "sg-0436932ad1db452d8",
              "sg-06d1468849eaf27c1"
            ]
          },
          "sensitive_attributes": [],
          "private": "eyJlMmJmYjczMC1lY2FhLTExZTYtOGY4OC0zNDM2M2JjN2M0YzAiOnsiY3JlYXRlIjo2MDAwMDAwMDAwMDAsImRlbGV0ZSI6MTIwMDAwMDAwMDAwMCwidXBkYXRlIjo2MDAwMDAwMDAwMDB9LCJzY2hlbWFfdmVyc2lvbiI6IjEifQ==",
          "dependencies": [
            "module.genpact-poc-sg.aws_security_group.PoC-Web_Server_SG",
            "module.genpact-poc-vpc.aws_subnet.public_Subnet",
            "module.genpact-poc-vpc.aws_vpc.myvpc",
            "module.genpact-poc-sg.aws_security_group.PoC-Bastion_Host_SG",
            "module.genpact-poc-sg.aws_security_group.PoC-Internal-SG"
          ]
        }
      ]
    },
    {
      "module": "module.genpact-poc-database",
      "mode": "managed",
      "type": "aws_db_instance",
      "name": "Poc_RDS_Postgres",
      "provider": "provider[\"registry.terraform.io/hashicorp/aws\"]",
      "instances": [
        {
          "schema_version": 1,
          "attributes": {
            "address": "terraform-20210907052115715000000004.ck5kvwfw1klp.us-east-1.rds.amazonaws.com",
            "allocated_storage": 10,
            "allow_major_version_upgrade": null,
            "apply_immediately": null,
            "arn": "arn:aws:rds:us-east-1:484010831236:db:terraform-20210907052115715000000004",
            "auto_minor_version_upgrade": true,
            "availability_zone": "us-east-1b",
            "backup_retention_period": 0,
            "backup_window": "04:36-05:06",
            "ca_cert_identifier": "rds-ca-2019",
            "character_set_name": "",
            "copy_tags_to_snapshot": false,
            "customer_owned_ip_enabled": false,
            "db_subnet_group_name": "pocrdssubnetgroup",
            "delete_automated_backups": true,
            "deletion_protection": false,
            "domain": "",
            "domain_iam_role_name": "",
            "enabled_cloudwatch_logs_exports": [],
            "endpoint": "terraform-20210907052115715000000004.ck5kvwfw1klp.us-east-1.rds.amazonaws.com:5432",
            "engine": "postgres",
            "engine_version": "13.3",
            "engine_version_actual": "13.3",
            "final_snapshot_identifier": null,
            "hosted_zone_id": "Z2R2ITUGPM61AM",
            "iam_database_authentication_enabled": false,
            "id": "terraform-20210907052115715000000004",
            "identifier": "terraform-20210907052115715000000004",
            "identifier_prefix": null,
            "instance_class": "db.t3.micro",
            "iops": 0,
            "kms_key_id": "",
            "latest_restorable_time": "0001-01-01T00:00:00Z",
            "license_model": "postgresql-license",
            "maintenance_window": "sat:08:17-sat:08:47",
            "max_allocated_storage": 0,
            "monitoring_interval": 0,
            "monitoring_role_arn": "",
            "multi_az": false,
            "name": "",
            "nchar_character_set_name": "",
            "option_group_name": "default:postgres-13",
            "parameter_group_name": "default.postgres13",
            "password": "vijay123",
            "performance_insights_enabled": false,
            "performance_insights_kms_key_id": "",
            "performance_insights_retention_period": 0,
            "port": 5432,
            "publicly_accessible": false,
            "replicas": [],
            "replicate_source_db": "",
            "resource_id": "db-ZE3R3KVVSU7AC2MGRA6TN3RNVI",
            "restore_to_point_in_time": [],
            "s3_import": [],
            "security_group_names": [],
            "skip_final_snapshot": true,
            "snapshot_identifier": null,
            "status": "available",
            "storage_encrypted": false,
            "storage_type": "gp2",
            "tags": {},
            "tags_all": {},
            "timeouts": null,
            "timezone": "",
            "username": "vijay",
            "vpc_security_group_ids": [
              "sg-0f2e9515c98a2d9e5"
            ]
          },
          "sensitive_attributes": [],
          "private": "eyJlMmJmYjczMC1lY2FhLTExZTYtOGY4OC0zNDM2M2JjN2M0YzAiOnsiY3JlYXRlIjoyNDAwMDAwMDAwMDAwLCJkZWxldGUiOjM2MDAwMDAwMDAwMDAsInVwZGF0ZSI6NDgwMDAwMDAwMDAwMH0sInNjaGVtYV92ZXJzaW9uIjoiMSJ9",
          "dependencies": [
            "module.genpact-poc-database.aws_db_subnet_group.PoCSubnetGroup",
            "module.genpact-poc-vpc.aws_subnet.private_Subnet",
            "module.genpact-poc-vpc.aws_subnet.private_Subnet1",
            "module.genpact-poc-vpc.aws_vpc.myvpc"
          ]
        }
      ]
    },
    {
      "module": "module.genpact-poc-database",
      "mode": "managed",
      "type": "aws_db_subnet_group",
      "name": "PoCSubnetGroup",
      "provider": "provider[\"registry.terraform.io/hashicorp/aws\"]",
      "instances": [
        {
          "schema_version": 0,
          "attributes": {
            "arn": "arn:aws:rds:us-east-1:484010831236:subgrp:pocrdssubnetgroup",
            "description": "Managed by Terraform",
            "id": "pocrdssubnetgroup",
            "name": "pocrdssubnetgroup",
            "name_prefix": null,
            "subnet_ids": [
              "subnet-00d79140f3d0c6e7d",
              "subnet-0f291795198f019c3"
            ],
            "tags": {
              "Name": "My DB subnet group"
            },
            "tags_all": {
              "Name": "My DB subnet group"
            }
          },
          "sensitive_attributes": [],
          "private": "bnVsbA==",
          "dependencies": [
            "module.genpact-poc-vpc.aws_subnet.private_Subnet",
            "module.genpact-poc-vpc.aws_subnet.private_Subnet1",
            "module.genpact-poc-vpc.aws_vpc.myvpc"
          ]
        }
      ]
    },
    {
      "module": "module.genpact-poc-ec2-App-Server",
      "mode": "managed",
      "type": "aws_instance",
      "name": "Bastion_host",
      "provider": "provider[\"registry.terraform.io/hashicorp/aws\"]",
      "instances": [
        {
          "index_key": 0,
          "schema_version": 1,
          "attributes": {
            "ami": "ami-087c17d1fe0178315",
            "arn": "arn:aws:ec2:us-east-1:484010831236:instance/i-0ea6cab2d96602b75",
            "associate_public_ip_address": false,
            "availability_zone": "us-east-1a",
            "capacity_reservation_specification": [
              {
                "capacity_reservation_preference": "open",
                "capacity_reservation_target": []
              }
            ],
            "cpu_core_count": 1,
            "cpu_threads_per_core": 1,
            "credit_specification": [
              {
                "cpu_credits": "standard"
              }
            ],
            "disable_api_termination": false,
            "ebs_block_device": [],
            "ebs_optimized": false,
            "enclave_options": [
              {
                "enabled": false
              }
            ],
            "ephemeral_block_device": [],
            "get_password_data": false,
            "hibernation": false,
            "host_id": null,
            "iam_instance_profile": "",
            "id": "i-0ea6cab2d96602b75",
            "instance_initiated_shutdown_behavior": "stop",
            "instance_state": "running",
            "instance_type": "t2.micro",
            "ipv6_address_count": 0,
            "ipv6_addresses": [],
            "key_name": "Usnv-anshul",
            "launch_template": [],
            "metadata_options": [
              {
                "http_endpoint": "enabled",
                "http_put_response_hop_limit": 1,
                "http_tokens": "optional"
              }
            ],
            "monitoring": false,
            "network_interface": [],
            "outpost_arn": "",
            "password_data": "",
            "placement_group": "",
            "primary_network_interface_id": "eni-0ae102dd61096c0ca",
            "private_dns": "ip-192-168-0-30.ec2.internal",
            "private_ip": "192.168.0.30",
            "public_dns": "",
            "public_ip": "",
            "root_block_device": [
              {
                "delete_on_termination": true,
                "device_name": "/dev/xvda",
                "encrypted": false,
                "iops": 100,
                "kms_key_id": "",
                "tags": {},
                "throughput": 0,
                "volume_id": "vol-0397c7f47ed4fbbab",
                "volume_size": 8,
                "volume_type": "gp2"
              }
            ],
            "secondary_private_ips": [],
            "security_groups": [],
            "source_dest_check": true,
            "subnet_id": "subnet-00d79140f3d0c6e7d",
            "tags": {
              "Name": "PoC-AppServer"
            },
            "tags_all": {
              "Name": "PoC-AppServer"
            },
            "tenancy": "default",
            "timeouts": null,
            "user_data": null,
            "user_data_base64": null,
            "volume_tags": null,
            "vpc_security_group_ids": [
              "sg-06d1468849eaf27c1"
            ]
          },
          "sensitive_attributes": [],
          "private": "eyJlMmJmYjczMC1lY2FhLTExZTYtOGY4OC0zNDM2M2JjN2M0YzAiOnsiY3JlYXRlIjo2MDAwMDAwMDAwMDAsImRlbGV0ZSI6MTIwMDAwMDAwMDAwMCwidXBkYXRlIjo2MDAwMDAwMDAwMDB9LCJzY2hlbWFfdmVyc2lvbiI6IjEifQ==",
          "dependencies": [
            "module.genpact-poc-sg.aws_security_group.PoC-Bastion_Host_SG",
            "module.genpact-poc-sg.aws_security_group.PoC-Internal-SG",
            "module.genpact-poc-sg.aws_security_group.PoC-Web_Server_SG",
            "module.genpact-poc-vpc.aws_subnet.private_Subnet",
            "module.genpact-poc-vpc.aws_vpc.myvpc"
          ]
        }
      ]
    },
    {
      "module": "module.genpact-poc-ec2-WebSerer",
      "mode": "managed",
      "type": "aws_instance",
      "name": "Bastion_host",
      "provider": "provider[\"registry.terraform.io/hashicorp/aws\"]",
      "instances": [
        {
          "index_key": 0,
          "schema_version": 1,
          "attributes": {
            "ami": "ami-087c17d1fe0178315",
            "arn": "arn:aws:ec2:us-east-1:484010831236:instance/i-0fbbae4956cd8d980",
            "associate_public_ip_address": false,
            "availability_zone": "us-east-1a",
            "capacity_reservation_specification": [
              {
                "capacity_reservation_preference": "open",
                "capacity_reservation_target": []
              }
            ],
            "cpu_core_count": 1,
            "cpu_threads_per_core": 1,
            "credit_specification": [
              {
                "cpu_credits": "standard"
              }
            ],
            "disable_api_termination": false,
            "ebs_block_device": [],
            "ebs_optimized": false,
            "enclave_options": [
              {
                "enabled": false
              }
            ],
            "ephemeral_block_device": [],
            "get_password_data": false,
            "hibernation": false,
            "host_id": null,
            "iam_instance_profile": "",
            "id": "i-0fbbae4956cd8d980",
            "instance_initiated_shutdown_behavior": "stop",
            "instance_state": "running",
            "instance_type": "t2.micro",
            "ipv6_address_count": 0,
            "ipv6_addresses": [],
            "key_name": "Usnv-anshul",
            "launch_template": [],
            "metadata_options": [
              {
                "http_endpoint": "enabled",
                "http_put_response_hop_limit": 1,
                "http_tokens": "optional"
              }
            ],
            "monitoring": false,
            "network_interface": [],
            "outpost_arn": "",
            "password_data": "",
            "placement_group": "",
            "primary_network_interface_id": "eni-0e593222c380a9dad",
            "private_dns": "ip-192-168-0-26.ec2.internal",
            "private_ip": "192.168.0.26",
            "public_dns": "",
            "public_ip": "",
            "root_block_device": [
              {
                "delete_on_termination": true,
                "device_name": "/dev/xvda",
                "encrypted": false,
                "iops": 100,
                "kms_key_id": "",
                "tags": {},
                "throughput": 0,
                "volume_id": "vol-0543a071843adf9c5",
                "volume_size": 8,
                "volume_type": "gp2"
              }
            ],
            "secondary_private_ips": [],
            "security_groups": [],
            "source_dest_check": true,
            "subnet_id": "subnet-00d79140f3d0c6e7d",
            "tags": {
              "Name": "PoC-WebSerer"
            },
            "tags_all": {
              "Name": "PoC-WebSerer"
            },
            "tenancy": "default",
            "timeouts": null,
            "user_data": null,
            "user_data_base64": null,
            "volume_tags": null,
            "vpc_security_group_ids": [
              "sg-06d1468849eaf27c1",
              "sg-0a1b101cdbfca086a"
            ]
          },
          "sensitive_attributes": [],
          "private": "eyJlMmJmYjczMC1lY2FhLTExZTYtOGY4OC0zNDM2M2JjN2M0YzAiOnsiY3JlYXRlIjo2MDAwMDAwMDAwMDAsImRlbGV0ZSI6MTIwMDAwMDAwMDAwMCwidXBkYXRlIjo2MDAwMDAwMDAwMDB9LCJzY2hlbWFfdmVyc2lvbiI6IjEifQ==",
          "dependencies": [
            "module.genpact-poc-vpc.aws_subnet.private_Subnet",
            "module.genpact-poc-vpc.aws_vpc.myvpc",
            "module.genpact-poc-sg.aws_security_group.PoC-Bastion_Host_SG",
            "module.genpact-poc-sg.aws_security_group.PoC-Internal-SG",
            "module.genpact-poc-sg.aws_security_group.PoC-Web_Server_SG"
          ]
        }
      ]
    },
    {
      "module": "module.genpact-poc-sg",
      "mode": "managed",
      "type": "aws_security_group",
      "name": "PoC-Bastion_Host_SG",
      "provider": "provider[\"registry.terraform.io/hashicorp/aws\"]",
      "instances": [
        {
          "schema_version": 1,
          "attributes": {
            "arn": "arn:aws:ec2:us-east-1:484010831236:security-group/sg-0436932ad1db452d8",
            "description": "Managed by Terraform",
            "egress": [
              {
                "cidr_blocks": [
                  "0.0.0.0/0"
                ],
                "description": "Outbound Rule",
                "from_port": 0,
                "ipv6_cidr_blocks": [],
                "prefix_list_ids": [],
                "protocol": "-1",
                "security_groups": [],
                "self": false,
                "to_port": 0
              }
            ],
            "id": "sg-0436932ad1db452d8",
            "ingress": [
              {
                "cidr_blocks": [
                  "0.0.0.0/0"
                ],
                "description": "Allow bastion Host to ssh",
                "from_port": 22,
                "ipv6_cidr_blocks": [],
                "prefix_list_ids": [],
                "protocol": "tcp",
                "security_groups": [],
                "self": false,
                "to_port": 22
              }
            ],
            "name": "terraform-20210907052105199500000002",
            "name_prefix": "terraform-",
            "owner_id": "484010831236",
            "revoke_rules_on_delete": false,
            "tags": {},
            "tags_all": {},
            "timeouts": null,
            "vpc_id": "vpc-0bafc8a13224ea965"
          },
          "sensitive_attributes": [],
          "private": "eyJlMmJmYjczMC1lY2FhLTExZTYtOGY4OC0zNDM2M2JjN2M0YzAiOnsiY3JlYXRlIjo2MDAwMDAwMDAwMDAsImRlbGV0ZSI6OTAwMDAwMDAwMDAwfSwic2NoZW1hX3ZlcnNpb24iOiIxIn0=",
          "dependencies": [
            "module.genpact-poc-vpc.aws_vpc.myvpc"
          ]
        }
      ]
    },
    {
      "module": "module.genpact-poc-sg",
      "mode": "managed",
      "type": "aws_security_group",
      "name": "PoC-Internal-SG",
      "provider": "provider[\"registry.terraform.io/hashicorp/aws\"]",
      "instances": [
        {
          "schema_version": 1,
          "attributes": {
            "arn": "arn:aws:ec2:us-east-1:484010831236:security-group/sg-06d1468849eaf27c1",
            "description": "Managed by Terraform",
            "egress": [
              {
                "cidr_blocks": [
                  "0.0.0.0/0"
                ],
                "description": "",
                "from_port": 0,
                "ipv6_cidr_blocks": [],
                "prefix_list_ids": [],
                "protocol": "-1",
                "security_groups": [],
                "self": false,
                "to_port": 0
              }
            ],
            "id": "sg-06d1468849eaf27c1",
            "ingress": [
              {
                "cidr_blocks": [],
                "description": "SG for InterCommunication",
                "from_port": 0,
                "ipv6_cidr_blocks": [],
                "prefix_list_ids": [],
                "protocol": "-1",
                "security_groups": [],
                "self": true,
                "to_port": 0
              }
            ],
            "name": "terraform-20210907052105198900000001",
            "name_prefix": "terraform-",
            "owner_id": "484010831236",
            "revoke_rules_on_delete": false,
            "tags": {},
            "tags_all": {},
            "timeouts": null,
            "vpc_id": "vpc-0bafc8a13224ea965"
          },
          "sensitive_attributes": [],
          "private": "eyJlMmJmYjczMC1lY2FhLTExZTYtOGY4OC0zNDM2M2JjN2M0YzAiOnsiY3JlYXRlIjo2MDAwMDAwMDAwMDAsImRlbGV0ZSI6OTAwMDAwMDAwMDAwfSwic2NoZW1hX3ZlcnNpb24iOiIxIn0=",
          "dependencies": [
            "module.genpact-poc-vpc.aws_vpc.myvpc"
          ]
        }
      ]
    },
    {
      "module": "module.genpact-poc-sg",
      "mode": "managed",
      "type": "aws_security_group",
      "name": "PoC-Web_Server_SG",
      "provider": "provider[\"registry.terraform.io/hashicorp/aws\"]",
      "instances": [
        {
          "schema_version": 1,
          "attributes": {
            "arn": "arn:aws:ec2:us-east-1:484010831236:security-group/sg-0a1b101cdbfca086a",
            "description": "Managed by Terraform",
            "egress": [
              {
                "cidr_blocks": [
                  "0.0.0.0/0"
                ],
                "description": "test",
                "from_port": 0,
                "ipv6_cidr_blocks": [],
                "prefix_list_ids": [],
                "protocol": "-1",
                "security_groups": [],
                "self": false,
                "to_port": 0
              }
            ],
            "id": "sg-0a1b101cdbfca086a",
            "ingress": [
              {
                "cidr_blocks": [
                  "0.0.0.0/0"
                ],
                "description": "Rule for WebSerer",
                "from_port": 80,
                "ipv6_cidr_blocks": [],
                "prefix_list_ids": [],
                "protocol": "tcp",
                "security_groups": [],
                "self": false,
                "to_port": 80
              }
            ],
            "name": "terraform-20210907052105199500000003",
            "name_prefix": "terraform-",
            "owner_id": "484010831236",
            "revoke_rules_on_delete": false,
            "tags": {},
            "tags_all": {},
            "timeouts": null,
            "vpc_id": "vpc-0bafc8a13224ea965"
          },
          "sensitive_attributes": [],
          "private": "eyJlMmJmYjczMC1lY2FhLTExZTYtOGY4OC0zNDM2M2JjN2M0YzAiOnsiY3JlYXRlIjo2MDAwMDAwMDAwMDAsImRlbGV0ZSI6OTAwMDAwMDAwMDAwfSwic2NoZW1hX3ZlcnNpb24iOiIxIn0=",
          "dependencies": [
            "module.genpact-poc-vpc.aws_vpc.myvpc"
          ]
        }
      ]
    },
    {
      "module": "module.genpact-poc-vpc",
      "mode": "managed",
      "type": "aws_internet_gateway",
      "name": "myigw",
      "provider": "provider[\"registry.terraform.io/hashicorp/aws\"]",
      "instances": [
        {
          "schema_version": 0,
          "attributes": {
            "arn": "arn:aws:ec2:us-east-1:484010831236:internet-gateway/igw-0c005ee25c5c0d146",
            "id": "igw-0c005ee25c5c0d146",
            "owner_id": "484010831236",
            "tags": {
              "Name": "myigw"
            },
            "tags_all": {
              "Name": "myigw"
            },
            "vpc_id": "vpc-0bafc8a13224ea965"
          },
          "sensitive_attributes": [],
          "private": "bnVsbA==",
          "dependencies": [
            "module.genpact-poc-vpc.aws_vpc.myvpc"
          ]
        }
      ]
    },
    {
      "module": "module.genpact-poc-vpc",
      "mode": "managed",
      "type": "aws_nat_gateway",
      "name": "mynet",
      "provider": "provider[\"registry.terraform.io/hashicorp/aws\"]",
      "instances": [
        {
          "schema_version": 0,
          "attributes": {
            "allocation_id": "",
            "connectivity_type": "private",
            "id": "nat-06e5e5ada526dd810",
            "network_interface_id": "eni-0420dbdd280466761",
            "private_ip": "192.168.0.7",
            "public_ip": "",
            "subnet_id": "subnet-0e264a8617c2f0eb1",
            "tags": {
              "Name": "mynet"
            },
            "tags_all": {
              "Name": "mynet"
            }
          },
          "sensitive_attributes": [],
          "private": "bnVsbA==",
          "dependencies": [
            "module.genpact-poc-vpc.aws_subnet.public_Subnet",
            "module.genpact-poc-vpc.aws_vpc.myvpc"
          ]
        }
      ]
    },
    {
      "module": "module.genpact-poc-vpc",
      "mode": "managed",
      "type": "aws_route_table",
      "name": "Privaterouter",
      "provider": "provider[\"registry.terraform.io/hashicorp/aws\"]",
      "instances": [
        {
          "schema_version": 0,
          "attributes": {
            "arn": "arn:aws:ec2:us-east-1:484010831236:route-table/rtb-02e444295b9540afe",
            "id": "rtb-02e444295b9540afe",
            "owner_id": "484010831236",
            "propagating_vgws": [],
            "route": [
              {
                "carrier_gateway_id": "",
                "cidr_block": "0.0.0.0/0",
                "destination_prefix_list_id": "",
                "egress_only_gateway_id": "",
                "gateway_id": "nat-06e5e5ada526dd810",
                "instance_id": "",
                "ipv6_cidr_block": "",
                "local_gateway_id": "",
                "nat_gateway_id": "",
                "network_interface_id": "",
                "transit_gateway_id": "",
                "vpc_endpoint_id": "",
                "vpc_peering_connection_id": ""
              }
            ],
            "tags": {
              "Name": "Privaterouter"
            },
            "tags_all": {
              "Name": "Privaterouter"
            },
            "vpc_id": "vpc-0bafc8a13224ea965"
          },
          "sensitive_attributes": [],
          "private": "bnVsbA==",
          "dependencies": [
            "module.genpact-poc-vpc.aws_nat_gateway.mynet",
            "module.genpact-poc-vpc.aws_vpc.myvpc"
          ]
        }
      ]
    },
    {
      "module": "module.genpact-poc-vpc",
      "mode": "managed",
      "type": "aws_route_table",
      "name": "Publicrouter",
      "provider": "provider[\"registry.terraform.io/hashicorp/aws\"]",
      "instances": [
        {
          "schema_version": 0,
          "attributes": {
            "arn": "arn:aws:ec2:us-east-1:484010831236:route-table/rtb-05ed9bfb403367b3a",
            "id": "rtb-05ed9bfb403367b3a",
            "owner_id": "484010831236",
            "propagating_vgws": [],
            "route": [
              {
                "carrier_gateway_id": "",
                "cidr_block": "0.0.0.0/0",
                "destination_prefix_list_id": "",
                "egress_only_gateway_id": "",
                "gateway_id": "igw-0c005ee25c5c0d146",
                "instance_id": "",
                "ipv6_cidr_block": "",
                "local_gateway_id": "",
                "nat_gateway_id": "",
                "network_interface_id": "",
                "transit_gateway_id": "",
                "vpc_endpoint_id": "",
                "vpc_peering_connection_id": ""
              }
            ],
            "tags": {
              "Name": "Public_Router_Table"
            },
            "tags_all": {
              "Name": "Public_Router_Table"
            },
            "vpc_id": "vpc-0bafc8a13224ea965"
          },
          "sensitive_attributes": [],
          "private": "bnVsbA==",
          "dependencies": [
            "module.genpact-poc-vpc.aws_vpc.myvpc",
            "module.genpact-poc-vpc.aws_internet_gateway.myigw"
          ]
        }
      ]
    },
    {
      "module": "module.genpact-poc-vpc",
      "mode": "managed",
      "type": "aws_route_table_association",
      "name": "route1",
      "provider": "provider[\"registry.terraform.io/hashicorp/aws\"]",
      "instances": [
        {
          "schema_version": 0,
          "attributes": {
            "gateway_id": "",
            "id": "rtbassoc-052689387466f38c7",
            "route_table_id": "rtb-05ed9bfb403367b3a",
            "subnet_id": "subnet-0e264a8617c2f0eb1"
          },
          "sensitive_attributes": [],
          "private": "bnVsbA==",
          "dependencies": [
            "module.genpact-poc-vpc.aws_internet_gateway.myigw",
            "module.genpact-poc-vpc.aws_route_table.Publicrouter",
            "module.genpact-poc-vpc.aws_subnet.public_Subnet",
            "module.genpact-poc-vpc.aws_vpc.myvpc"
          ]
        }
      ]
    },
    {
      "module": "module.genpact-poc-vpc",
      "mode": "managed",
      "type": "aws_route_table_association",
      "name": "route2",
      "provider": "provider[\"registry.terraform.io/hashicorp/aws\"]",
      "instances": [
        {
          "schema_version": 0,
          "attributes": {
            "gateway_id": "",
            "id": "rtbassoc-06b384b991fb7dbc1",
            "route_table_id": "rtb-02e444295b9540afe",
            "subnet_id": "subnet-00d79140f3d0c6e7d"
          },
          "sensitive_attributes": [],
          "private": "bnVsbA==",
          "dependencies": [
            "module.genpact-poc-vpc.aws_nat_gateway.mynet",
            "module.genpact-poc-vpc.aws_route_table.Privaterouter",
            "module.genpact-poc-vpc.aws_subnet.private_Subnet",
            "module.genpact-poc-vpc.aws_subnet.public_Subnet",
            "module.genpact-poc-vpc.aws_vpc.myvpc"
          ]
        }
      ]
    },
    {
      "module": "module.genpact-poc-vpc",
      "mode": "managed",
      "type": "aws_subnet",
      "name": "private_Subnet",
      "provider": "provider[\"registry.terraform.io/hashicorp/aws\"]",
      "instances": [
        {
          "schema_version": 1,
          "attributes": {
            "arn": "arn:aws:ec2:us-east-1:484010831236:subnet/subnet-00d79140f3d0c6e7d",
            "assign_ipv6_address_on_creation": false,
            "availability_zone": "us-east-1a",
            "availability_zone_id": "use1-az2",
            "cidr_block": "192.168.0.16/28",
            "customer_owned_ipv4_pool": "",
            "id": "subnet-00d79140f3d0c6e7d",
            "ipv6_cidr_block": "",
            "ipv6_cidr_block_association_id": "",
            "map_customer_owned_ip_on_launch": false,
            "map_public_ip_on_launch": false,
            "outpost_arn": "",
            "owner_id": "484010831236",
            "tags": {
              "Name": "privateSubnet"
            },
            "tags_all": {
              "Name": "privateSubnet"
            },
            "timeouts": null,
            "vpc_id": "vpc-0bafc8a13224ea965"
          },
          "sensitive_attributes": [],
          "private": "eyJlMmJmYjczMC1lY2FhLTExZTYtOGY4OC0zNDM2M2JjN2M0YzAiOnsiY3JlYXRlIjo2MDAwMDAwMDAwMDAsImRlbGV0ZSI6MTIwMDAwMDAwMDAwMH0sInNjaGVtYV92ZXJzaW9uIjoiMSJ9",
          "dependencies": [
            "module.genpact-poc-vpc.aws_vpc.myvpc"
          ]
        }
      ]
    },
    {
      "module": "module.genpact-poc-vpc",
      "mode": "managed",
      "type": "aws_subnet",
      "name": "private_Subnet1",
      "provider": "provider[\"registry.terraform.io/hashicorp/aws\"]",
      "instances": [
        {
          "schema_version": 1,
          "attributes": {
            "arn": "arn:aws:ec2:us-east-1:484010831236:subnet/subnet-0f291795198f019c3",
            "assign_ipv6_address_on_creation": false,
            "availability_zone": "us-east-1b",
            "availability_zone_id": "use1-az4",
            "cidr_block": "192.168.0.48/28",
            "customer_owned_ipv4_pool": "",
            "id": "subnet-0f291795198f019c3",
            "ipv6_cidr_block": "",
            "ipv6_cidr_block_association_id": "",
            "map_customer_owned_ip_on_launch": false,
            "map_public_ip_on_launch": false,
            "outpost_arn": "",
            "owner_id": "484010831236",
            "tags": {
              "Name": "privateSubnet1"
            },
            "tags_all": {
              "Name": "privateSubnet1"
            },
            "timeouts": null,
            "vpc_id": "vpc-0bafc8a13224ea965"
          },
          "sensitive_attributes": [],
          "private": "eyJlMmJmYjczMC1lY2FhLTExZTYtOGY4OC0zNDM2M2JjN2M0YzAiOnsiY3JlYXRlIjo2MDAwMDAwMDAwMDAsImRlbGV0ZSI6MTIwMDAwMDAwMDAwMH0sInNjaGVtYV92ZXJzaW9uIjoiMSJ9",
          "dependencies": [
            "module.genpact-poc-vpc.aws_vpc.myvpc"
          ]
        }
      ]
    },
    {
      "module": "module.genpact-poc-vpc",
      "mode": "managed",
      "type": "aws_subnet",
      "name": "public_Subnet",
      "provider": "provider[\"registry.terraform.io/hashicorp/aws\"]",
      "instances": [
        {
          "schema_version": 1,
          "attributes": {
            "arn": "arn:aws:ec2:us-east-1:484010831236:subnet/subnet-0e264a8617c2f0eb1",
            "assign_ipv6_address_on_creation": false,
            "availability_zone": "us-east-1a",
            "availability_zone_id": "use1-az2",
            "cidr_block": "192.168.0.0/28",
            "customer_owned_ipv4_pool": "",
            "id": "subnet-0e264a8617c2f0eb1",
            "ipv6_cidr_block": "",
            "ipv6_cidr_block_association_id": "",
            "map_customer_owned_ip_on_launch": false,
            "map_public_ip_on_launch": true,
            "outpost_arn": "",
            "owner_id": "484010831236",
            "tags": {
              "Name": "publicSubnet"
            },
            "tags_all": {
              "Name": "publicSubnet"
            },
            "timeouts": null,
            "vpc_id": "vpc-0bafc8a13224ea965"
          },
          "sensitive_attributes": [],
          "private": "eyJlMmJmYjczMC1lY2FhLTExZTYtOGY4OC0zNDM2M2JjN2M0YzAiOnsiY3JlYXRlIjo2MDAwMDAwMDAwMDAsImRlbGV0ZSI6MTIwMDAwMDAwMDAwMH0sInNjaGVtYV92ZXJzaW9uIjoiMSJ9",
          "dependencies": [
            "module.genpact-poc-vpc.aws_vpc.myvpc"
          ]
        }
      ]
    },
    {
      "module": "module.genpact-poc-vpc",
      "mode": "managed",
      "type": "aws_subnet",
      "name": "public_Subnet1",
      "provider": "provider[\"registry.terraform.io/hashicorp/aws\"]",
      "instances": [
        {
          "schema_version": 1,
          "attributes": {
            "arn": "arn:aws:ec2:us-east-1:484010831236:subnet/subnet-0c81a94330e4b0981",
            "assign_ipv6_address_on_creation": false,
            "availability_zone": "us-east-1b",
            "availability_zone_id": "use1-az4",
            "cidr_block": "192.168.0.32/28",
            "customer_owned_ipv4_pool": "",
            "id": "subnet-0c81a94330e4b0981",
            "ipv6_cidr_block": "",
            "ipv6_cidr_block_association_id": "",
            "map_customer_owned_ip_on_launch": false,
            "map_public_ip_on_launch": false,
            "outpost_arn": "",
            "owner_id": "484010831236",
            "tags": {
              "Name": "publicSubnet1"
            },
            "tags_all": {
              "Name": "publicSubnet1"
            },
            "timeouts": null,
            "vpc_id": "vpc-0bafc8a13224ea965"
          },
          "sensitive_attributes": [],
          "private": "eyJlMmJmYjczMC1lY2FhLTExZTYtOGY4OC0zNDM2M2JjN2M0YzAiOnsiY3JlYXRlIjo2MDAwMDAwMDAwMDAsImRlbGV0ZSI6MTIwMDAwMDAwMDAwMH0sInNjaGVtYV92ZXJzaW9uIjoiMSJ9",
          "dependencies": [
            "module.genpact-poc-vpc.aws_vpc.myvpc"
          ]
        }
      ]
    },
    {
      "module": "module.genpact-poc-vpc",
      "mode": "managed",
      "type": "aws_vpc",
      "name": "myvpc",
      "provider": "provider[\"registry.terraform.io/hashicorp/aws\"]",
      "instances": [
        {
          "schema_version": 1,
          "attributes": {
            "arn": "arn:aws:ec2:us-east-1:484010831236:vpc/vpc-0bafc8a13224ea965",
            "assign_generated_ipv6_cidr_block": false,
            "cidr_block": "192.168.0.0/26",
            "default_network_acl_id": "acl-0cfd213980cf6af21",
            "default_route_table_id": "rtb-0fcdbc6adc276eea7",
            "default_security_group_id": "sg-0f2e9515c98a2d9e5",
            "dhcp_options_id": "dopt-58d0ff22",
            "enable_classiclink": false,
            "enable_classiclink_dns_support": false,
            "enable_dns_hostnames": false,
            "enable_dns_support": true,
            "id": "vpc-0bafc8a13224ea965",
            "instance_tenancy": "default",
            "ipv6_association_id": "",
            "ipv6_cidr_block": "",
            "main_route_table_id": "rtb-0fcdbc6adc276eea7",
            "owner_id": "484010831236",
            "tags": {
              "Name": "mypocvpc"
            },
            "tags_all": {
              "Name": "mypocvpc"
            }
          },
          "sensitive_attributes": [],
          "private": "eyJzY2hlbWFfdmVyc2lvbiI6IjEifQ=="
        }
      ]
    }
  ]
}
